// !$*UTF8*$!
{
	archiveVersion = 1;
	classes = {
	};
	objectVersion = 46;
	objects = {

/* Begin PBXBuildFile section */
		5C02F0301D00A5E3004F9A10 /* AppDelegate.swift in Sources */ = {isa = PBXBuildFile; fileRef = 5C02F02F1D00A5E3004F9A10 /* AppDelegate.swift */; };
		5C02F0321D00A5E3004F9A10 /* ViewController.swift in Sources */ = {isa = PBXBuildFile; fileRef = 5C02F0311D00A5E3004F9A10 /* ViewController.swift */; };
		5C02F0351D00A5E3004F9A10 /* Main.storyboard in Resources */ = {isa = PBXBuildFile; fileRef = 5C02F0331D00A5E3004F9A10 /* Main.storyboard */; };
		5C02F0371D00A5E3004F9A10 /* Assets.xcassets in Resources */ = {isa = PBXBuildFile; fileRef = 5C02F0361D00A5E3004F9A10 /* Assets.xcassets */; };
		5C02F03A1D00A5E3004F9A10 /* LaunchScreen.storyboard in Resources */ = {isa = PBXBuildFile; fileRef = 5C02F0381D00A5E3004F9A10 /* LaunchScreen.storyboard */; };
		5C02F0451D00A5E3004F9A10 /* stackada_stackTests.swift in Sources */ = {isa = PBXBuildFile; fileRef = 5C02F0441D00A5E3004F9A10 /* stackada_stackTests.swift */; };
		5C02F0501D00A5E3004F9A10 /* stackada_stackUITests.swift in Sources */ = {isa = PBXBuildFile; fileRef = 5C02F04F1D00A5E3004F9A10 /* stackada_stackUITests.swift */; };
/* End PBXBuildFile section */

/* Begin PBXContainerItemProxy section */
		5C02F0411D00A5E3004F9A10 /* PBXContainerItemProxy */ = {
			isa = PBXContainerItemProxy;
			containerPortal = 5C02F0241D00A5E3004F9A10 /* Project object */;
			proxyType = 1;
			remoteGlobalIDString = 5C02F02B1D00A5E3004F9A10;
			remoteInfo = "stackada-stack";
		};
		5C02F04C1D00A5E3004F9A10 /* PBXContainerItemProxy */ = {
			isa = PBXContainerItemProxy;
			containerPortal = 5C02F0241D00A5E3004F9A10 /* Project object */;
			proxyType = 1;
			remoteGlobalIDString = 5C02F02B1D00A5E3004F9A10;
			remoteInfo = "stackada-stack";
		};
/* End PBXContainerItemProxy section */

/* Begin PBXFileReference section */
		5C02F02C1D00A5E3004F9A10 /* stackada-stack.app */ = {isa = PBXFileReference; explicitFileType = wrapper.application; includeInIndex = 0; path = "stackada-stack.app"; sourceTree = BUILT_PRODUCTS_DIR; };
		5C02F02F1D00A5E3004F9A10 /* AppDelegate.swift */ = {isa = PBXFileReference; lastKnownFileType = sourcecode.swift; path = AppDelegate.swift; sourceTree = "<group>"; };
		5C02F0311D00A5E3004F9A10 /* ViewController.swift */ = {isa = PBXFileReference; lastKnownFileType = sourcecode.swift; path = ViewController.swift; sourceTree = "<group>"; };
		5C02F0341D00A5E3004F9A10 /* Base */ = {isa = PBXFileReference; lastKnownFileType = file.storyboard; name = Base; path = Base.lproj/Main.storyboard; sourceTree = "<group>"; };
		5C02F0361D00A5E3004F9A10 /* Assets.xcassets */ = {isa = PBXFileReference; lastKnownFileType = folder.assetcatalog; path = Assets.xcassets; sourceTree = "<group>"; };
		5C02F0391D00A5E3004F9A10 /* Base */ = {isa = PBXFileReference; lastKnownFileType = file.storyboard; name = Base; path = Base.lproj/LaunchScreen.storyboard; sourceTree = "<group>"; };
		5C02F03B1D00A5E3004F9A10 /* Info.plist */ = {isa = PBXFileReference; lastKnownFileType = text.plist.xml; path = Info.plist; sourceTree = "<group>"; };
		5C02F0401D00A5E3004F9A10 /* stackada-stackTests.xctest */ = {isa = PBXFileReference; explicitFileType = wrapper.cfbundle; includeInIndex = 0; path = "stackada-stackTests.xctest"; sourceTree = BUILT_PRODUCTS_DIR; };
		5C02F0441D00A5E3004F9A10 /* stackada_stackTests.swift */ = {isa = PBXFileReference; lastKnownFileType = sourcecode.swift; path = stackada_stackTests.swift; sourceTree = "<group>"; };
		5C02F0461D00A5E3004F9A10 /* Info.plist */ = {isa = PBXFileReference; lastKnownFileType = text.plist.xml; path = Info.plist; sourceTree = "<group>"; };
		5C02F04B1D00A5E3004F9A10 /* stackada-stackUITests.xctest */ = {isa = PBXFileReference; explicitFileType = wrapper.cfbundle; includeInIndex = 0; path = "stackada-stackUITests.xctest"; sourceTree = BUILT_PRODUCTS_DIR; };
		5C02F04F1D00A5E3004F9A10 /* stackada_stackUITests.swift */ = {isa = PBXFileReference; lastKnownFileType = sourcecode.swift; path = stackada_stackUITests.swift; sourceTree = "<group>"; };
		5C02F0511D00A5E3004F9A10 /* Info.plist */ = {isa = PBXFileReference; lastKnownFileType = text.plist.xml; path = Info.plist; sourceTree = "<group>"; };
/* End PBXFileReference section */

/* Begin PBXFrameworksBuildPhase section */
		5C02F0291D00A5E3004F9A10 /* Frameworks */ = {
			isa = PBXFrameworksBuildPhase;
			buildActionMask = 2147483647;
			files = (
			);
			runOnlyForDeploymentPostprocessing = 0;
		};
		5C02F03D1D00A5E3004F9A10 /* Frameworks */ = {
			isa = PBXFrameworksBuildPhase;
			buildActionMask = 2147483647;
			files = (
			);
			runOnlyForDeploymentPostprocessing = 0;
		};
		5C02F0481D00A5E3004F9A10 /* Frameworks */ = {
			isa = PBXFrameworksBuildPhase;
			buildActionMask = 2147483647;
			files = (
			);
			runOnlyForDeploymentPostprocessing = 0;
		};
/* End PBXFrameworksBuildPhase section */

/* Begin PBXGroup section */
		5C02F0231D00A5E3004F9A10 = {
			isa = PBXGroup;
			children = (
				5C02F02E1D00A5E3004F9A10 /* stackada-stack */,
				5C02F0431D00A5E3004F9A10 /* stackada-stackTests */,
				5C02F04E1D00A5E3004F9A10 /* stackada-stackUITests */,
				5C02F02D1D00A5E3004F9A10 /* Products */,
			);
			sourceTree = "<group>";
		};
		5C02F02D1D00A5E3004F9A10 /* Products */ = {
			isa = PBXGroup;
			children = (
				5C02F02C1D00A5E3004F9A10 /* stackada-stack.app */,
				5C02F0401D00A5E3004F9A10 /* stackada-stackTests.xctest */,
				5C02F04B1D00A5E3004F9A10 /* stackada-stackUITests.xctest */,
			);
			name = Products;
			sourceTree = "<group>";
		};
		5C02F02E1D00A5E3004F9A10 /* stackada-stack */ = {
			isa = PBXGroup;
			children = (
				5C02F02F1D00A5E3004F9A10 /* AppDelegate.swift */,
				5C02F0311D00A5E3004F9A10 /* ViewController.swift */,
				5C02F0331D00A5E3004F9A10 /* Main.storyboard */,
				5C02F0361D00A5E3004F9A10 /* Assets.xcassets */,
				5C02F0381D00A5E3004F9A10 /* LaunchScreen.storyboard */,
				5C02F03B1D00A5E3004F9A10 /* Info.plist */,
			);
			path = "stackada-stack";
			sourceTree = "<group>";
		};
		5C02F0431D00A5E3004F9A10 /* stackada-stackTests */ = {
			isa = PBXGroup;
			children = (
				5C02F0441D00A5E3004F9A10 /* stackada_stackTests.swift */,
				5C02F0461D00A5E3004F9A10 /* Info.plist */,
			);
			path = "stackada-stackTests";
			sourceTree = "<group>";
		};
		5C02F04E1D00A5E3004F9A10 /* stackada-stackUITests */ = {
			isa = PBXGroup;
			children = (
				5C02F04F1D00A5E3004F9A10 /* stackada_stackUITests.swift */,
				5C02F0511D00A5E3004F9A10 /* Info.plist */,
			);
			path = "stackada-stackUITests";
			sourceTree = "<group>";
		};
/* End PBXGroup section */

/* Begin PBXNativeTarget section */
		5C02F02B1D00A5E3004F9A10 /* stackada-stack */ = {
			isa = PBXNativeTarget;
			buildConfigurationList = 5C02F0541D00A5E3004F9A10 /* Build configuration list for PBXNativeTarget "stackada-stack" */;
			buildPhases = (
				5C02F0281D00A5E3004F9A10 /* Sources */,
				5C02F0291D00A5E3004F9A10 /* Frameworks */,
				5C02F02A1D00A5E3004F9A10 /* Resources */,
			);
			buildRules = (
			);
			dependencies = (
			);
			name = "stackada-stack";
			productName = "stackada-stack";
			productReference = 5C02F02C1D00A5E3004F9A10 /* stackada-stack.app */;
			productType = "com.apple.product-type.application";
		};
		5C02F03F1D00A5E3004F9A10 /* stackada-stackTests */ = {
			isa = PBXNativeTarget;
			buildConfigurationList = 5C02F0571D00A5E3004F9A10 /* Build configuration list for PBXNativeTarget "stackada-stackTests" */;
			buildPhases = (
				5C02F03C1D00A5E3004F9A10 /* Sources */,
				5C02F03D1D00A5E3004F9A10 /* Frameworks */,
				5C02F03E1D00A5E3004F9A10 /* Resources */,
			);
			buildRules = (
			);
			dependencies = (
				5C02F0421D00A5E3004F9A10 /* PBXTargetDependency */,
			);
			name = "stackada-stackTests";
			productName = "stackada-stackTests";
			productReference = 5C02F0401D00A5E3004F9A10 /* stackada-stackTests.xctest */;
			productType = "com.apple.product-type.bundle.unit-test";
		};
		5C02F04A1D00A5E3004F9A10 /* stackada-stackUITests */ = {
			isa = PBXNativeTarget;
			buildConfigurationList = 5C02F05A1D00A5E3004F9A10 /* Build configuration list for PBXNativeTarget "stackada-stackUITests" */;
			buildPhases = (
				5C02F0471D00A5E3004F9A10 /* Sources */,
				5C02F0481D00A5E3004F9A10 /* Frameworks */,
				5C02F0491D00A5E3004F9A10 /* Resources */,
			);
			buildRules = (
			);
			dependencies = (
				5C02F04D1D00A5E3004F9A10 /* PBXTargetDependency */,
			);
			name = "stackada-stackUITests";
			productName = "stackada-stackUITests";
			productReference = 5C02F04B1D00A5E3004F9A10 /* stackada-stackUITests.xctest */;
			productType = "com.apple.product-type.bundle.ui-testing";
		};
/* End PBXNativeTarget section */

/* Begin PBXProject section */
		5C02F0241D00A5E3004F9A10 /* Project object */ = {
			isa = PBXProject;
			attributes = {
				LastSwiftUpdateCheck = 0730;
				LastUpgradeCheck = 0730;
				ORGANIZATIONNAME = "Kyle Johannsen";
				TargetAttributes = {
					5C02F02B1D00A5E3004F9A10 = {
						CreatedOnToolsVersion = 7.3.1;
					};
					5C02F03F1D00A5E3004F9A10 = {
						CreatedOnToolsVersion = 7.3.1;
						TestTargetID = 5C02F02B1D00A5E3004F9A10;
					};
					5C02F04A1D00A5E3004F9A10 = {
						CreatedOnToolsVersion = 7.3.1;
						TestTargetID = 5C02F02B1D00A5E3004F9A10;
					};
				};
			};
			buildConfigurationList = 5C02F0271D00A5E3004F9A10 /* Build configuration list for PBXProject "stackada-stack" */;
			compatibilityVersion = "Xcode 3.2";
			developmentRegion = English;
			hasScannedForEncodings = 0;
			knownRegions = (
				en,
				Base,
			);
			mainGroup = 5C02F0231D00A5E3004F9A10;
			productRefGroup = 5C02F02D1D00A5E3004F9A10 /* Products */;
			projectDirPath = "";
			projectRoot = "";
			targets = (
				5C02F02B1D00A5E3004F9A10 /* stackada-stack */,
				5C02F03F1D00A5E3004F9A10 /* stackada-stackTests */,
				5C02F04A1D00A5E3004F9A10 /* stackada-stackUITests */,
			);
		};
/* End PBXProject section */

/* Begin PBXResourcesBuildPhase section */
		5C02F02A1D00A5E3004F9A10 /* Resources */ = {
			isa = PBXResourcesBuildPhase;
			buildActionMask = 2147483647;
			files = (
				5C02F03A1D00A5E3004F9A10 /* LaunchScreen.storyboard in Resources */,
				5C02F0371D00A5E3004F9A10 /* Assets.xcassets in Resources */,
				5C02F0351D00A5E3004F9A10 /* Main.storyboard in Resources */,
			);
			runOnlyForDeploymentPostprocessing = 0;
		};
		5C02F03E1D00A5E3004F9A10 /* Resources */ = {
			isa = PBXResourcesBuildPhase;
			buildActionMask = 2147483647;
			files = (
			);
			runOnlyForDeploymentPostprocessing = 0;
		};
		5C02F0491D00A5E3004F9A10 /* Resources */ = {
			isa = PBXResourcesBuildPhase;
			buildActionMask = 2147483647;
			files = (
			);
			runOnlyForDeploymentPostprocessing = 0;
		};
/* End PBXResourcesBuildPhase section */

/* Begin PBXSourcesBuildPhase section */
		5C02F0281D00A5E3004F9A10 /* Sources */ = {
			isa = PBXSourcesBuildPhase;
			buildActionMask = 2147483647;
			files = (
				5C02F0321D00A5E3004F9A10 /* ViewController.swift in Sources */,
				5C02F0301D00A5E3004F9A10 /* AppDelegate.swift in Sources */,
			);
			runOnlyForDeploymentPostprocessing = 0;
		};
		5C02F03C1D00A5E3004F9A10 /* Sources */ = {
			isa = PBXSourcesBuildPhase;
			buildActionMask = 2147483647;
			files = (
				5C02F0451D00A5E3004F9A10 /* stackada_stackTests.swift in Sources */,
			);
			runOnlyForDeploymentPostprocessing = 0;
		};
		5C02F0471D00A5E3004F9A10 /* Sources */ = {
			isa = PBXSourcesBuildPhase;
			buildActionMask = 2147483647;
			files = (
				5C02F0501D00A5E3004F9A10 /* stackada_stackUITests.swift in Sources */,
			);
			runOnlyForDeploymentPostprocessing = 0;
		};
/* End PBXSourcesBuildPhase section */

/* Begin PBXTargetDependency section */
		5C02F0421D00A5E3004F9A10 /* PBXTargetDependency */ = {
			isa = PBXTargetDependency;
			target = 5C02F02B1D00A5E3004F9A10 /* stackada-stack */;
			targetProxy = 5C02F0411D00A5E3004F9A10 /* PBXContainerItemProxy */;
		};
		5C02F04D1D00A5E3004F9A10 /* PBXTargetDependency */ = {
			isa = PBXTargetDependency;
			target = 5C02F02B1D00A5E3004F9A10 /* stackada-stack */;
			targetProxy = 5C02F04C1D00A5E3004F9A10 /* PBXContainerItemProxy */;
		};
/* End PBXTargetDependency section */

/* Begin PBXVariantGroup section */
		5C02F0331D00A5E3004F9A10 /* Main.storyboard */ = {
			isa = PBXVariantGroup;
			children = (
				5C02F0341D00A5E3004F9A10 /* Base */,
			);
			name = Main.storyboard;
			sourceTree = "<group>";
		};
		5C02F0381D00A5E3004F9A10 /* LaunchScreen.storyboard */ = {
			isa = PBXVariantGroup;
			children = (
				5C02F0391D00A5E3004F9A10 /* Base */,
			);
			name = LaunchScreen.storyboard;
			sourceTree = "<group>";
		};
/* End PBXVariantGroup section */

/* Begin XCBuildConfiguration section */
		5C02F0521D00A5E3004F9A10 /* Debug */ = {
			isa = XCBuildConfiguration;
			buildSettings = {
				ALWAYS_SEARCH_USER_PATHS = NO;
				CLANG_ANALYZER_NONNULL = YES;
				CLANG_CXX_LANGUAGE_STANDARD = "gnu++0x";
				CLANG_CXX_LIBRARY = "libc++";
				CLANG_ENABLE_MODULES = YES;
				CLANG_ENABLE_OBJC_ARC = YES;
				CLANG_WARN_BOOL_CONVERSION = YES;
				CLANG_WARN_CONSTANT_CONVERSION = YES;
				CLANG_WARN_DIRECT_OBJC_ISA_USAGE = YES_ERROR;
				CLANG_WARN_EMPTY_BODY = YES;
				CLANG_WARN_ENUM_CONVERSION = YES;
				CLANG_WARN_INT_CONVERSION = YES;
				CLANG_WARN_OBJC_ROOT_CLASS = YES_ERROR;
				CLANG_WARN_UNREACHABLE_CODE = YES;
				CLANG_WARN__DUPLICATE_METHOD_MATCH = YES;
				"CODE_SIGN_IDENTITY[sdk=iphoneos*]" = "iPhone Developer";
				COPY_PHASE_STRIP = NO;
				DEBUG_INFORMATION_FORMAT = dwarf;
				ENABLE_STRICT_OBJC_MSGSEND = YES;
				ENABLE_TESTABILITY = YES;
				GCC_C_LANGUAGE_STANDARD = gnu99;
				GCC_DYNAMIC_NO_PIC = NO;
				GCC_NO_COMMON_BLOCKS = YES;
				GCC_OPTIMIZATION_LEVEL = 0;
				GCC_PREPROCESSOR_DEFINITIONS = (
					"DEBUG=1",
					"$(inherited)",
				);
				GCC_WARN_64_TO_32_BIT_CONVERSION = YES;
				GCC_WARN_ABOUT_RETURN_TYPE = YES_ERROR;
				GCC_WARN_UNDECLARED_SELECTOR = YES;
				GCC_WARN_UNINITIALIZED_AUTOS = YES_AGGRESSIVE;
				GCC_WARN_UNUSED_FUNCTION = YES;
				GCC_WARN_UNUSED_VARIABLE = YES;
				IPHONEOS_DEPLOYMENT_TARGET = 9.3;
				MTL_ENABLE_DEBUG_INFO = YES;
				ONLY_ACTIVE_ARCH = YES;
				SDKROOT = iphoneos;
				SWIFT_OPTIMIZATION_LEVEL = "-Onone";
			};
			name = Debug;
		};
		5C02F0531D00A5E3004F9A10 /* Release */ = {
			isa = XCBuildConfiguration;
			buildSettings = {
				ALWAYS_SEARCH_USER_PATHS = NO;
				CLANG_ANALYZER_NONNULL = YES;
				CLANG_CXX_LANGUAGE_STANDARD = "gnu++0x";
				CLANG_CXX_LIBRARY = "libc++";
				CLANG_ENABLE_MODULES = YES;
				CLANG_ENABLE_OBJC_ARC = YES;
				CLANG_WARN_BOOL_CONVERSION = YES;
				CLANG_WARN_CONSTANT_CONVERSION = YES;
				CLANG_WARN_DIRECT_OBJC_ISA_USAGE = YES_ERROR;
				CLANG_WARN_EMPTY_BODY = YES;
				CLANG_WARN_ENUM_CONVERSION = YES;
				CLANG_WARN_INT_CONVERSION = YES;
				CLANG_WARN_OBJC_ROOT_CLASS = YES_ERROR;
				CLANG_WARN_UNREACHABLE_CODE = YES;
				CLANG_WARN__DUPLICATE_METHOD_MATCH = YES;
				"CODE_SIGN_IDENTITY[sdk=iphoneos*]" = "iPhone Developer";
				COPY_PHASE_STRIP = NO;
				DEBUG_INFORMATION_FORMAT = "dwarf-with-dsym";
				ENABLE_NS_ASSERTIONS = NO;
				ENABLE_STRICT_OBJC_MSGSEND = YES;
				GCC_C_LANGUAGE_STANDARD = gnu99;
				GCC_NO_COMMON_BLOCKS = YES;
				GCC_WARN_64_TO_32_BIT_CONVERSION = YES;
				GCC_WARN_ABOUT_RETURN_TYPE = YES_ERROR;
				GCC_WARN_UNDECLARED_SELECTOR = YES;
				GCC_WARN_UNINITIALIZED_AUTOS = YES_AGGRESSIVE;
				GCC_WARN_UNUSED_FUNCTION = YES;
				GCC_WARN_UNUSED_VARIABLE = YES;
				IPHONEOS_DEPLOYMENT_TARGET = 9.3;
				MTL_ENABLE_DEBUG_INFO = NO;
				SDKROOT = iphoneos;
				VALIDATE_PRODUCT = YES;
			};
			name = Release;
		};
		5C02F0551D00A5E3004F9A10 /* Debug */ = {
			isa = XCBuildConfiguration;
			buildSettings = {
				ASSETCATALOG_COMPILER_APPICON_NAME = AppIcon;
				INFOPLIST_FILE = "stackada-stack/Info.plist";
				LD_RUNPATH_SEARCH_PATHS = "$(inherited) @executable_path/Frameworks";
				PRODUCT_BUNDLE_IDENTIFIER = "com.KyleJohannsen.stackada-stack";
				PRODUCT_NAME = "$(TARGET_NAME)";
			};
			name = Debug;
		};
		5C02F0561D00A5E3004F9A10 /* Release */ = {
			isa = XCBuildConfiguration;
			buildSettings = {
				ASSETCATALOG_COMPILER_APPICON_NAME = AppIcon;
				INFOPLIST_FILE = "stackada-stack/Info.plist";
				LD_RUNPATH_SEARCH_PATHS = "$(inherited) @executable_path/Frameworks";
				PRODUCT_BUNDLE_IDENTIFIER = "com.KyleJohannsen.stackada-stack";
				PRODUCT_NAME = "$(TARGET_NAME)";
			};
			name = Release;
		};
		5C02F0581D00A5E3004F9A10 /* Debug */ = {
			isa = XCBuildConfiguration;
			buildSettings = {
				BUNDLE_LOADER = "$(TEST_HOST)";
				INFOPLIST_FILE = "stackada-stackTests/Info.plist";
				LD_RUNPATH_SEARCH_PATHS = "$(inherited) @executable_path/Frameworks @loader_path/Frameworks";
				PRODUCT_BUNDLE_IDENTIFIER = "com.KyleJohannsen.stackada-stackTests";
				PRODUCT_NAME = "$(TARGET_NAME)";
				TEST_HOST = "$(BUILT_PRODUCTS_DIR)/stackada-stack.app/stackada-stack";
			};
			name = Debug;
		};
		5C02F0591D00A5E3004F9A10 /* Release */ = {
			isa = XCBuildConfiguration;
			buildSettings = {
				BUNDLE_LOADER = "$(TEST_HOST)";
				INFOPLIST_FILE = "stackada-stackTests/Info.plist";
				LD_RUNPATH_SEARCH_PATHS = "$(inherited) @executable_path/Frameworks @loader_path/Frameworks";
				PRODUCT_BUNDLE_IDENTIFIER = "com.KyleJohannsen.stackada-stackTests";
				PRODUCT_NAME = "$(TARGET_NAME)";
				TEST_HOST = "$(BUILT_PRODUCTS_DIR)/stackada-stack.app/stackada-stack";
			};
			name = Release;
		};
		5C02F05B1D00A5E3004F9A10 /* Debug */ = {
			isa = XCBuildConfiguration;
			buildSettings = {
				INFOPLIST_FILE = "stackada-stackUITests/Info.plist";
				LD_RUNPATH_SEARCH_PATHS = "$(inherited) @executable_path/Frameworks @loader_path/Frameworks";
				PRODUCT_BUNDLE_IDENTIFIER = "com.KyleJohannsen.stackada-stackUITests";
				PRODUCT_NAME = "$(TARGET_NAME)";
				TEST_TARGET_NAME = "stackada-stack";
			};
			name = Debug;
		};
		5C02F05C1D00A5E3004F9A10 /* Release */ = {
			isa = XCBuildConfiguration;
			buildSettings = {
				INFOPLIST_FILE = "stackada-stackUITests/Info.plist";
				LD_RUNPATH_SEARCH_PATHS = "$(inherited) @executable_path/Frameworks @loader_path/Frameworks";
				PRODUCT_BUNDLE_IDENTIFIER = "com.KyleJohannsen.stackada-stackUITests";
				PRODUCT_NAME = "$(TARGET_NAME)";
				TEST_TARGET_NAME = "stackada-stack";
			};
			name = Release;
		};
/* End XCBuildConfiguration section */

/* Begin XCConfigurationList section */
		5C02F0271D00A5E3004F9A10 /* Build configuration list for PBXProject "stackada-stack" */ = {
			isa = XCConfigurationList;
			buildConfigurations = (
				5C02F0521D00A5E3004F9A10 /* Debug */,
				5C02F0531D00A5E3004F9A10 /* Release */,
			);
			defaultConfigurationIsVisible = 0;
			defaultConfigurationName = Release;
		};
		5C02F0541D00A5E3004F9A10 /* Build configuration list for PBXNativeTarget "stackada-stack" */ = {
			isa = XCConfigurationList;
			buildConfigurations = (
				5C02F0551D00A5E3004F9A10 /* Debug */,
				5C02F0561D00A5E3004F9A10 /* Release */,
			);
			defaultConfigurationIsVisible = 0;
		};
		5C02F0571D00A5E3004F9A10 /* Build configuration list for PBXNativeTarget "stackada-stackTests" */ = {
			isa = XCConfigurationList;
			buildConfigurations = (
				5C02F0581D00A5E3004F9A10 /* Debug */,
				5C02F0591D00A5E3004F9A10 /* Release */,
			);
			defaultConfigurationIsVisible = 0;
		};
		5C02F05A1D00A5E3004F9A10 /* Build configuration list for PBXNativeTarget "stackada-stackUITests" */ = {
			isa = XCConfigurationList;
			buildConfigurations = (
				5C02F05B1D00A5E3004F9A10 /* Debug */,
				5C02F05C1D00A5E3004F9A10 /* Release */,
			);
			defaultConfigurationIsVisible = 0;
		};
/* End XCConfigurationList section */
	};
	rootObject = 5C02F0241D00A5E3004F9A10 /* Project object */;
}
